# THIS IS AN AUTOGENERATED FILE. DO NOT EDIT THIS FILE DIRECTLY.
# yarn lockfile v1


"@ma-shop/is@^0.0.11":
  version "0.0.11"
  resolved "https://registry.yarnpkg.com/@ma-shop/is/-/is-0.0.11.tgz#4787141d8ec2333375fdacf65973f89b6aacde97"
  integrity sha512-X5Gk84NnLE5uDT8BqQPNjG2O6MlliIuq4zGtK11djDXbuPdwQidM42VarG4iCTO0MwZTZiO07kwUUO7y9Pduyg==

luhn@2.4.0:
  version "2.4.0"
  resolved "https://registry.yarnpkg.com/luhn/-/luhn-2.4.0.tgz#f561af497db67b51c5b819f0b9cbde11cc665139"
  integrity sha512-QZ/LcREDGnmngMlOHOOAjVhr0Yz+o6r4Sb1OAJPgH8AE/VMXkoBJNybOPba9AT7vBvmyWhbLlAYQiRDwD3zGGA==
