# THIS IS AN AUTOGENERATED FILE. DO NOT EDIT THIS FILE DIRECTLY.
# yarn lockfile v1


react-native-device-info@5.5.3:
  version "5.5.3"
  resolved "https://registry.yarnpkg.com/react-native-device-info/-/react-native-device-info-5.5.3.tgz#6652fb46c4602a1dd3a5d6a18d2266ecdf97fec7"
  integrity sha512-bzUVTPHca+FfNco1qaOM1+idoeII8zdpGRsR+RK+DWhwp9utHZWfbkonZZ9XFm/U+i3mirNxt6oaKV+vUMjMzg==
