# THIS IS AN AUTOGENERATED FILE. DO NOT EDIT THIS FILE DIRECTLY.
# yarn lockfile v1


"@ma-shop/utils@^0.0.18":
  version "0.0.18"
  resolved "https://registry.yarnpkg.com/@ma-shop/utils/-/utils-0.0.18.tgz#b80432130d5e6395b16a7a7913e2d1d7354d2045"
  integrity sha512-9gHNTeWIz9HQj3Od2LhrtbuVDVMB2MhS+q8TKBaDPOsz7Npjs3TbJcQv3URqHsC2S2Ie6pGzgELzWqzww/Unog==
  dependencies:
    lodash "4.17.15"

"@react-navigation/core@^5.12.2":
  version "5.12.2"
  resolved "https://registry.yarnpkg.com/@react-navigation/core/-/core-5.12.2.tgz#b97c94e8b165fa3a2220db00d28eb06d0e6820cf"
  integrity sha512-ybsnttbYpyCVN7jGHEIfOKg6Bdyr0seXvxUMtSJNt3mI33KWMRJrqyYU2ILoxAaDdRcBItvBlOYWxMRrBJyZkQ==
  dependencies:
    "@react-navigation/routers" "^5.4.10"
    escape-string-regexp "^4.0.0"
    nanoid "^3.1.9"
    query-string "^6.13.1"
    react-is "^16.13.0"
    use-subscription "^1.4.0"

"@react-navigation/native@5.7.2":
  version "5.7.2"
  resolved "https://registry.yarnpkg.com/@react-navigation/native/-/native-5.7.2.tgz#eaf95335153b95f74c4dd2f98698d3debeb17235"
  integrity sha512-pGaiCg5G0aUol1+J50xx6ioq+wlXGOqxdlZaHgVwlYbYuuHLC1ForsH1wIzQdUHBEfHiw5/VDxFwRX5p1dHUCg==
  dependencies:
    "@react-navigation/core" "^5.12.2"
    nanoid "^3.1.9"

"@react-navigation/routers@^5.4.10":
  version "5.4.10"
  resolved "https://registry.yarnpkg.com/@react-navigation/routers/-/routers-5.4.10.tgz#8b44914d5141f9518e71dde7cb21f09d74f79f89"
  integrity sha512-uOcz3HugGBjCSPz4EG3LLjk8cBrBm0cK04c+OxPG/0xC9gfOYKrjlGnxGtZy+bXdITrn7179U0wx2vVEf2sclw==
  dependencies:
    nanoid "^3.1.9"

decode-uri-component@^0.2.0:
  version "0.2.0"
  resolved "https://registry.yarnpkg.com/decode-uri-component/-/decode-uri-component-0.2.0.tgz#eb3913333458775cb84cd1a1fae062106bb87545"
  integrity sha1-6zkTMzRYd1y4TNGh+uBiEGu4dUU=

escape-string-regexp@^4.0.0:
  version "4.0.0"
  resolved "https://registry.yarnpkg.com/escape-string-regexp/-/escape-string-regexp-4.0.0.tgz#14ba83a5d373e3d311e5afca29cf5bfad965bf34"
  integrity sha512-TtpcNJ3XAzx3Gq8sWRzJaVajRs0uVxA2YAkdb1jm2YkPz4G6egUFAyA3n5vtEIZefPk5Wa4UXbKuS5fKkJWdgA==

"js-tokens@^3.0.0 || ^4.0.0":
  version "4.0.0"
  resolved "https://registry.yarnpkg.com/js-tokens/-/js-tokens-4.0.0.tgz#19203fb59991df98e3a287050d4647cdeaf32499"
  integrity sha512-RdJUflcE3cUzKiMqQgsCu06FPu9UdIJO0beYbPhHN4k6apgJtifcoCtT9bcxOpYBtpD2kCM6Sbzg4CausW/PKQ==

lodash@4.17.15:
  version "4.17.15"
  resolved "https://registry.yarnpkg.com/lodash/-/lodash-4.17.15.tgz#b447f6670a0455bbfeedd11392eff330ea097548"
  integrity sha512-8xOcRHvCjnocdS5cpwXQXVzmmh5e5+saE2QGoeQmbKmRS6J3VQppPOIt0MnmE+4xlZoumy0GPG0D0MVIQbNA1A==

loose-envify@^1.4.0:
  version "1.4.0"
  resolved "https://registry.yarnpkg.com/loose-envify/-/loose-envify-1.4.0.tgz#71ee51fa7be4caec1a63839f7e682d8132d30caf"
  integrity sha512-lyuxPGr/Wfhrlem2CL/UcnUc1zcqKAImBDzukY7Y5F/yQiNdko6+fRLevlw1HgMySw7f611UIY408EtxRSoK3Q==
  dependencies:
    js-tokens "^3.0.0 || ^4.0.0"

nanoid@^3.1.9:
  version "3.1.11"
  resolved "https://registry.yarnpkg.com/nanoid/-/nanoid-3.1.11.tgz#251516846e1b5c9599124fd9324c54ac1c9bea6f"
  integrity sha512-HyrIRpCB2uS1/sEoS7/UIAM/Jn72uXf2/yWgQRP0e16/UdMsfH/1JyLj2SqyQlkMkeeN1ad61tpT6FPRRimxnA==

object-assign@^4.1.1:
  version "4.1.1"
  resolved "https://registry.yarnpkg.com/object-assign/-/object-assign-4.1.1.tgz#2109adc7965887cfc05cbbd442cac8bfbb360863"
  integrity sha1-IQmtx5ZYh8/AXLvUQsrIv7s2CGM=

prop-types@15.7.2:
  version "15.7.2"
  resolved "https://registry.yarnpkg.com/prop-types/-/prop-types-15.7.2.tgz#52c41e75b8c87e72b9d9360e0206b99dcbffa6c5"
  integrity sha512-8QQikdH7//R2vurIJSutZ1smHYTcLpRWEOlHnzcWHmBYrOGUysKwSsrC89BCiFj3CbrfJ/nXFdJepOVrY1GCHQ==
  dependencies:
    loose-envify "^1.4.0"
    object-assign "^4.1.1"
    react-is "^16.8.1"

query-string@^6.13.1:
  version "6.13.1"
  resolved "https://registry.yarnpkg.com/query-string/-/query-string-6.13.1.tgz#d913ccfce3b4b3a713989fe6d39466d92e71ccad"
  integrity sha512-RfoButmcK+yCta1+FuU8REvisx1oEzhMKwhLUNcepQTPGcNMp1sIqjnfCtfnvGSQZQEhaBHvccujtWoUV3TTbA==
  dependencies:
    decode-uri-component "^0.2.0"
    split-on-first "^1.0.0"
    strict-uri-encode "^2.0.0"

react-is@^16.13.0, react-is@^16.8.1:
  version "16.13.1"
  resolved "https://registry.yarnpkg.com/react-is/-/react-is-16.13.1.tgz#789729a4dc36de2999dc156dd6c1d9c18cea56a4"
  integrity sha512-24e6ynE2H+OKt4kqsOvNd8kBpV65zoxbA4BVsEOB3ARVWQki/DHzaUoC5KuON/BiccDaCCTZBuOcfZs70kR8bQ==

split-on-first@^1.0.0:
  version "1.1.0"
  resolved "https://registry.yarnpkg.com/split-on-first/-/split-on-first-1.1.0.tgz#f610afeee3b12bce1d0c30425e76398b78249a5f"
  integrity sha512-43ZssAJaMusuKWL8sKUBQXHWOpq8d6CfN/u1p4gUzfJkM05C8rxTmYrkIPTXapZpORA6LkkzcUulJ8FqA7Uudw==

strict-uri-encode@^2.0.0:
  version "2.0.0"
  resolved "https://registry.yarnpkg.com/strict-uri-encode/-/strict-uri-encode-2.0.0.tgz#b9c7330c7042862f6b142dc274bbcc5866ce3546"
  integrity sha1-ucczDHBChi9rFC3CdLvMWGbONUY=

use-subscription@^1.4.0:
  version "1.4.1"
  resolved "https://registry.yarnpkg.com/use-subscription/-/use-subscription-1.4.1.tgz#edcbcc220f1adb2dd4fa0b2f61b6cc308e620069"
  integrity sha512-7+IIwDG/4JICrWHL/Q/ZPK5yozEnvRm6vHImu0LKwQlmWGKeiF7mbAenLlK/cTNXrTtXHU/SFASQHzB6+oSJMQ==
  dependencies:
    object-assign "^4.1.1"
