# THIS IS AN AUTOGENERATED FILE. DO NOT EDIT THIS FILE DIRECTLY.
# yarn lockfile v1


react-native-permissions@2.1.5:
  version "2.1.5"
  resolved "https://registry.yarnpkg.com/react-native-permissions/-/react-native-permissions-2.1.5.tgz#6cfc4f1ab1590f4952299b7cdc9698525ad540e0"
  integrity sha512-b9KO/4UEV9qddl+kcSybmdk8nlAifclSDBR2rSvc5KZM06vIaJWJNIzK2ZwPXqDQ5yD3CJLuKTRj7Fz+jM9qyQ==
