# THIS IS AN AUTOGENERATED FILE. DO NOT EDIT THIS FILE DIRECTLY.
# yarn lockfile v1


"@ma-shop/is@0.0.6":
  version "0.0.6"
  resolved "https://registry.yarnpkg.com/@ma-shop/is/-/is-0.0.6.tgz#22301523f20a7b475c7d6e80fa727130aafaf05e"
  integrity sha512-w+bFtOMFGaMPklz2CJKd5RJB5ixoJHLT9i1W29l6/SztII+tTDBMmY0pdkTU7itx8glZRCiPZXref/xql7Jrsw==
